
Microsoft Visual Studio Solution File, Format Version 12.00
# Visual Studio Version 17
VisualStudioVersion = 17.10.35122.118
MinimumVisualStudioVersion = 10.0.40219.1
Project("{FAE04EC0-301F-11D3-BF4B-00C04F79EFBC}") = "pointOfSalesOSFinalProject", "pointOfSalesOSFinalProject\pointOfSalesOSFinalProject.csproj", "{1DFB7CBE-B5F4-4DDF-AB27-5D830F5F0AA2}"
EndProject
Project("{FAE04EC0-301F-11D3-BF4B-00C04F79EFBC}") = "pointOfSalesFinalProjectsEntities", "pointOfSalesFinalProjectsEntities\pointOfSalesFinalProjectsEntities.csproj", "{153F0B79-A2BA-4C3C-A0C6-6A7AEB4B9BA8}"
EndProject
Global
	GlobalSection(SolutionConfigurationPlatforms) = preSolution
		Debug|Any CPU = Debug|Any CPU
		Release|Any CPU = Release|Any CPU
	EndGlobalSection
	GlobalSection(ProjectConfigurationPlatforms) = postSolution
		{1DFB7CBE-B5F4-4DDF-AB27-5D830F5F0AA2}.Debug|Any CPU.ActiveCfg = Debug|Any CPU
		{1DFB7CBE-B5F4-4DDF-AB27-5D830F5F0AA2}.Debug|Any CPU.Build.0 = Debug|Any CPU
		{1DFB7CBE-B5F4-4DDF-AB27-5D830F5F0AA2}.Release|Any CPU.ActiveCfg = Release|Any CPU
		{1DFB7CBE-B5F4-4DDF-AB27-5D830F5F0AA2}.Release|Any CPU.Build.0 = Release|Any CPU
		{153F0B79-A2BA-4C3C-A0C6-6A7AEB4B9BA8}.Debug|Any CPU.ActiveCfg = Debug|Any CPU
		{153F0B79-A2BA-4C3C-A0C6-6A7AEB4B9BA8}.Debug|Any CPU.Build.0 = Debug|Any CPU
		{153F0B79-A2BA-4C3C-A0C6-6A7AEB4B9BA8}.Release|Any CPU.ActiveCfg = Release|Any CPU
		{153F0B79-A2BA-4C3C-A0C6-6A7AEB4B9BA8}.Release|Any CPU.Build.0 = Release|Any CPU
	EndGlobalSection
	GlobalSection(SolutionProperties) = preSolution
		HideSolutionNode = FALSE
	EndGlobalSection
	GlobalSection(ExtensibilityGlobals) = postSolution
		SolutionGuid = {55A06A83-16E4-4008-A5C8-2BAE5117ADDD}
	EndGlobalSection
EndGlobal
